
Microsoft Visual Studio Solution File, Format Version 12.00
# Visual Studio Version 16
VisualStudioVersion = 16.0.29215.179
MinimumVisualStudioVersion = 10.0.40219.1
Project("{FAE04EC0-301F-11D3-BF4B-00C04F79EFBC}") = "Frankyu.WebApiDemo", "Frankyu.WebApiDemo\Frankyu.WebApiDemo.csproj", "{BACBB487-C0AB-44A6-A493-3E77ED9E2FFE}"
EndProject
Project("{FAE04EC0-301F-11D3-BF4B-00C04F79EFBC}") = "Frankyu.WebApiDemo.Tests", "Frankyu.WebApiDemo.Tests\Frankyu.WebApiDemo.Tests.csproj", "{EDF83F54-A608-4A0B-8FCD-DF23E0CB54C4}"
EndProject
Project("{FAE04EC0-301F-11D3-BF4B-00C04F79EFBC}") = "Frankyu.WebApiSample", "Frankyu.WebApiSample\Frankyu.WebApiSample.csproj", "{F6974C75-2039-4983-A0F0-00226C70D358}"
EndProject
Project("{9A19103F-16F7-4668-BE54-9A1E7A4F7556}") = "Frankyu.WebApiCoreDemo", "Frankyu.WebApiCoreDemo\Frankyu.WebApiCoreDemo.csproj", "{F3D93C40-E1F1-4113-9619-94D199A3198B}"
EndProject
Project("{FAE04EC0-301F-11D3-BF4B-00C04F79EFBC}") = "AutofacDemo", "AutofacDemo\AutofacDemo.csproj", "{345C0CC5-0441-4D0B-8316-D2544478F3FA}"
EndProject
Project("{FAE04EC0-301F-11D3-BF4B-00C04F79EFBC}") = "Mongo.DataAccess", "Mongo.DataAccess\Mongo.DataAccess.csproj", "{A86552C9-A8B4-4DAB-9E72-94F0FD6C1ECE}"
EndProject
Project("{FAE04EC0-301F-11D3-BF4B-00C04F79EFBC}") = "Mongo.Business", "Mongo.Business\Mongo.Business.csproj", "{13BDA9D4-0FD7-4542-BEDB-BC44225EE73A}"
EndProject
Project("{FAE04EC0-301F-11D3-BF4B-00C04F79EFBC}") = "Mongo.Models", "Mongo.Models\Mongo.Models.csproj", "{98F47584-7A12-411A-B90C-48386BF87DC9}"
EndProject
Global
	GlobalSection(SolutionConfigurationPlatforms) = preSolution
		Debug|Any CPU = Debug|Any CPU
		Release|Any CPU = Release|Any CPU
	EndGlobalSection
	GlobalSection(ProjectConfigurationPlatforms) = postSolution
		{BACBB487-C0AB-44A6-A493-3E77ED9E2FFE}.Debug|Any CPU.ActiveCfg = Debug|Any CPU
		{BACBB487-C0AB-44A6-A493-3E77ED9E2FFE}.Debug|Any CPU.Build.0 = Debug|Any CPU
		{BACBB487-C0AB-44A6-A493-3E77ED9E2FFE}.Release|Any CPU.ActiveCfg = Release|Any CPU
		{BACBB487-C0AB-44A6-A493-3E77ED9E2FFE}.Release|Any CPU.Build.0 = Release|Any CPU
		{EDF83F54-A608-4A0B-8FCD-DF23E0CB54C4}.Debug|Any CPU.ActiveCfg = Debug|Any CPU
		{EDF83F54-A608-4A0B-8FCD-DF23E0CB54C4}.Debug|Any CPU.Build.0 = Debug|Any CPU
		{EDF83F54-A608-4A0B-8FCD-DF23E0CB54C4}.Release|Any CPU.ActiveCfg = Release|Any CPU
		{EDF83F54-A608-4A0B-8FCD-DF23E0CB54C4}.Release|Any CPU.Build.0 = Release|Any CPU
		{F6974C75-2039-4983-A0F0-00226C70D358}.Debug|Any CPU.ActiveCfg = Debug|Any CPU
		{F6974C75-2039-4983-A0F0-00226C70D358}.Debug|Any CPU.Build.0 = Debug|Any CPU
		{F6974C75-2039-4983-A0F0-00226C70D358}.Release|Any CPU.ActiveCfg = Release|Any CPU
		{F6974C75-2039-4983-A0F0-00226C70D358}.Release|Any CPU.Build.0 = Release|Any CPU
		{F3D93C40-E1F1-4113-9619-94D199A3198B}.Debug|Any CPU.ActiveCfg = Debug|Any CPU
		{F3D93C40-E1F1-4113-9619-94D199A3198B}.Debug|Any CPU.Build.0 = Debug|Any CPU
		{F3D93C40-E1F1-4113-9619-94D199A3198B}.Release|Any CPU.ActiveCfg = Release|Any CPU
		{F3D93C40-E1F1-4113-9619-94D199A3198B}.Release|Any CPU.Build.0 = Release|Any CPU
		{345C0CC5-0441-4D0B-8316-D2544478F3FA}.Debug|Any CPU.ActiveCfg = Debug|Any CPU
		{345C0CC5-0441-4D0B-8316-D2544478F3FA}.Debug|Any CPU.Build.0 = Debug|Any CPU
		{345C0CC5-0441-4D0B-8316-D2544478F3FA}.Release|Any CPU.ActiveCfg = Release|Any CPU
		{345C0CC5-0441-4D0B-8316-D2544478F3FA}.Release|Any CPU.Build.0 = Release|Any CPU
		{A86552C9-A8B4-4DAB-9E72-94F0FD6C1ECE}.Debug|Any CPU.ActiveCfg = Debug|Any CPU
		{A86552C9-A8B4-4DAB-9E72-94F0FD6C1ECE}.Debug|Any CPU.Build.0 = Debug|Any CPU
		{A86552C9-A8B4-4DAB-9E72-94F0FD6C1ECE}.Release|Any CPU.ActiveCfg = Release|Any CPU
		{A86552C9-A8B4-4DAB-9E72-94F0FD6C1ECE}.Release|Any CPU.Build.0 = Release|Any CPU
		{13BDA9D4-0FD7-4542-BEDB-BC44225EE73A}.Debug|Any CPU.ActiveCfg = Debug|Any CPU
		{13BDA9D4-0FD7-4542-BEDB-BC44225EE73A}.Debug|Any CPU.Build.0 = Debug|Any CPU
		{13BDA9D4-0FD7-4542-BEDB-BC44225EE73A}.Release|Any CPU.ActiveCfg = Release|Any CPU
		{13BDA9D4-0FD7-4542-BEDB-BC44225EE73A}.Release|Any CPU.Build.0 = Release|Any CPU
		{98F47584-7A12-411A-B90C-48386BF87DC9}.Debug|Any CPU.ActiveCfg = Debug|Any CPU
		{98F47584-7A12-411A-B90C-48386BF87DC9}.Debug|Any CPU.Build.0 = Debug|Any CPU
		{98F47584-7A12-411A-B90C-48386BF87DC9}.Release|Any CPU.ActiveCfg = Release|Any CPU
		{98F47584-7A12-411A-B90C-48386BF87DC9}.Release|Any CPU.Build.0 = Release|Any CPU
	EndGlobalSection
	GlobalSection(SolutionProperties) = preSolution
		HideSolutionNode = FALSE
	EndGlobalSection
	GlobalSection(ExtensibilityGlobals) = postSolution
		SolutionGuid = {0C7EE155-78A6-435A-8662-A3B7883E30EA}
	EndGlobalSection
EndGlobal
