
Microsoft Visual Studio Solution File, Format Version 12.00
# Visual Studio 2013
VisualStudioVersion = 12.0.31101.0
MinimumVisualStudioVersion = 10.0.40219.1
Project("{FAE04EC0-301F-11D3-BF4B-00C04F79EFBC}") = "MvcDemo", "MvcDemo\MvcDemo.csproj", "{3C18E0FC-4BFA-4FDA-84B0-96C7FE85D355}"
EndProject
Project("{FAE04EC0-301F-11D3-BF4B-00C04F79EFBC}") = "MvcDemo.Tests", "MvcDemo.Tests\MvcDemo.Tests.csproj", "{426394AB-EEA5-4486-AAA7-37A0E014BCFC}"
EndProject
Global
	GlobalSection(SolutionConfigurationPlatforms) = preSolution
		Debug|Any CPU = Debug|Any CPU
		Release|Any CPU = Release|Any CPU
	EndGlobalSection
	GlobalSection(ProjectConfigurationPlatforms) = postSolution
		{3C18E0FC-4BFA-4FDA-84B0-96C7FE85D355}.Debug|Any CPU.ActiveCfg = Debug|Any CPU
		{3C18E0FC-4BFA-4FDA-84B0-96C7FE85D355}.Debug|Any CPU.Build.0 = Debug|Any CPU
		{3C18E0FC-4BFA-4FDA-84B0-96C7FE85D355}.Release|Any CPU.ActiveCfg = Release|Any CPU
		{3C18E0FC-4BFA-4FDA-84B0-96C7FE85D355}.Release|Any CPU.Build.0 = Release|Any CPU
		{426394AB-EEA5-4486-AAA7-37A0E014BCFC}.Debug|Any CPU.ActiveCfg = Debug|Any CPU
		{426394AB-EEA5-4486-AAA7-37A0E014BCFC}.Debug|Any CPU.Build.0 = Debug|Any CPU
		{426394AB-EEA5-4486-AAA7-37A0E014BCFC}.Release|Any CPU.ActiveCfg = Release|Any CPU
		{426394AB-EEA5-4486-AAA7-37A0E014BCFC}.Release|Any CPU.Build.0 = Release|Any CPU
	EndGlobalSection
	GlobalSection(SolutionProperties) = preSolution
		HideSolutionNode = FALSE
	EndGlobalSection
EndGlobal
